
Microsoft Visual Studio Solution File, Format Version 12.00
# Visual Studio Version 17
VisualStudioVersion = 17.1.32421.90
MinimumVisualStudioVersion = 10.0.40219.1
Project("{FAE04EC0-301F-11D3-BF4B-00C04F79EFBC}") = "RockPapirScissor", "RockPapirScissor\RockPapirScissor.csproj", "{77E35B0B-B451-431E-84C0-29131D313DD3}"
EndProject
Global
	GlobalSection(SolutionConfigurationPlatforms) = preSolution
		Debug|Any CPU = Debug|Any CPU
		Release|Any CPU = Release|Any CPU
	EndGlobalSection
	GlobalSection(ProjectConfigurationPlatforms) = postSolution
		{77E35B0B-B451-431E-84C0-29131D313DD3}.Debug|Any CPU.ActiveCfg = Debug|Any CPU
		{77E35B0B-B451-431E-84C0-29131D313DD3}.Debug|Any CPU.Build.0 = Debug|Any CPU
		{77E35B0B-B451-431E-84C0-29131D313DD3}.Release|Any CPU.ActiveCfg = Release|Any CPU
		{77E35B0B-B451-431E-84C0-29131D313DD3}.Release|Any CPU.Build.0 = Release|Any CPU
	EndGlobalSection
	GlobalSection(SolutionProperties) = preSolution
		HideSolutionNode = FALSE
	EndGlobalSection
	GlobalSection(ExtensibilityGlobals) = postSolution
		SolutionGuid = {D9AE1D56-C4B6-4C8B-AD7D-630A142A7D34}
	EndGlobalSection
EndGlobal
